
Microsoft Visual Studio Solution File, Format Version 12.00
# Visual Studio Version 17
VisualStudioVersion = 17.14.36414.22 d17.14
MinimumVisualStudioVersion = 10.0.40219.1
Project("{FAE04EC0-301F-11D3-BF4B-00C04F79EFBC}") = "OnboardingAPI", "..\..\OnboardingAPI.csproj", "{29723FCF-D967-72C6-C571-28F8CE2A0463}"
EndProject
Global
	GlobalSection(SolutionConfigurationPlatforms) = preSolution
		Debug|Any CPU = Debug|Any CPU
		Release|Any CPU = Release|Any CPU
	EndGlobalSection
	GlobalSection(ProjectConfigurationPlatforms) = postSolution
		{29723FCF-D967-72C6-C571-28F8CE2A0463}.Debug|Any CPU.ActiveCfg = Debug|Any CPU
		{29723FCF-D967-72C6-C571-28F8CE2A0463}.Debug|Any CPU.Build.0 = Debug|Any CPU
		{29723FCF-D967-72C6-C571-28F8CE2A0463}.Release|Any CPU.ActiveCfg = Release|Any CPU
		{29723FCF-D967-72C6-C571-28F8CE2A0463}.Release|Any CPU.Build.0 = Release|Any CPU
	EndGlobalSection
	GlobalSection(SolutionProperties) = preSolution
		HideSolutionNode = FALSE
	EndGlobalSection
	GlobalSection(ExtensibilityGlobals) = postSolution
		SolutionGuid = {391FD0E7-6F85-4569-ACC5-455AE1578ACF}
	EndGlobalSection
EndGlobal
